
Microsoft Visual Studio Solution File, Format Version 12.00
# Visual Studio Version 16
VisualStudioVersion = 16.0.30011.22
MinimumVisualStudioVersion = 10.0.40219.1
Project("{FAE04EC0-301F-11D3-BF4B-00C04F79EFBC}") = "TestAppBackend", "TestAppBackend\TestAppBackend.csproj", "{89178CBE-43FC-42DB-9A23-AEEE66A56EE1}"
EndProject
Project("{FAE04EC0-301F-11D3-BF4B-00C04F79EFBC}") = "TestAppBackend.BLL", "TestAppBLL\TestAppBackend.BLL.csproj", "{F86EF55B-710E-49D3-8329-B74175EB7039}"
EndProject
Project("{FAE04EC0-301F-11D3-BF4B-00C04F79EFBC}") = "TestAppBackend.DAL", "TestAppBackend.DAL\TestAppBackend.DAL.csproj", "{52D699C6-1C92-4680-99DF-EC15B8DD1212}"
EndProject
Global
	GlobalSection(SolutionConfigurationPlatforms) = preSolution
		Debug|Any CPU = Debug|Any CPU
		Release|Any CPU = Release|Any CPU
	EndGlobalSection
	GlobalSection(ProjectConfigurationPlatforms) = postSolution
		{89178CBE-43FC-42DB-9A23-AEEE66A56EE1}.Debug|Any CPU.ActiveCfg = Debug|Any CPU
		{89178CBE-43FC-42DB-9A23-AEEE66A56EE1}.Debug|Any CPU.Build.0 = Debug|Any CPU
		{89178CBE-43FC-42DB-9A23-AEEE66A56EE1}.Release|Any CPU.ActiveCfg = Release|Any CPU
		{89178CBE-43FC-42DB-9A23-AEEE66A56EE1}.Release|Any CPU.Build.0 = Release|Any CPU
		{F86EF55B-710E-49D3-8329-B74175EB7039}.Debug|Any CPU.ActiveCfg = Debug|Any CPU
		{F86EF55B-710E-49D3-8329-B74175EB7039}.Debug|Any CPU.Build.0 = Debug|Any CPU
		{F86EF55B-710E-49D3-8329-B74175EB7039}.Release|Any CPU.ActiveCfg = Release|Any CPU
		{F86EF55B-710E-49D3-8329-B74175EB7039}.Release|Any CPU.Build.0 = Release|Any CPU
		{52D699C6-1C92-4680-99DF-EC15B8DD1212}.Debug|Any CPU.ActiveCfg = Debug|Any CPU
		{52D699C6-1C92-4680-99DF-EC15B8DD1212}.Debug|Any CPU.Build.0 = Debug|Any CPU
		{52D699C6-1C92-4680-99DF-EC15B8DD1212}.Release|Any CPU.ActiveCfg = Release|Any CPU
		{52D699C6-1C92-4680-99DF-EC15B8DD1212}.Release|Any CPU.Build.0 = Release|Any CPU
	EndGlobalSection
	GlobalSection(SolutionProperties) = preSolution
		HideSolutionNode = FALSE
	EndGlobalSection
	GlobalSection(ExtensibilityGlobals) = postSolution
		SolutionGuid = {79227AE0-3A93-46C3-B08C-F0C6ADD4F183}
	EndGlobalSection
EndGlobal
